
Microsoft Visual Studio Solution File, Format Version 12.00
# Visual Studio 15
VisualStudioVersion = 15.0.28307.136
MinimumVisualStudioVersion = 10.0.40219.1
Project("{FAE04EC0-301F-11D3-BF4B-00C04F79EFBC}") = "Snake", "Snake\Snake.csproj", "{FB9EEDAE-3E0D-4489-AB40-0AEF28263CE2}"
EndProject
Global
	GlobalSection(SolutionConfigurationPlatforms) = preSolution
		Debug|Any CPU = Debug|Any CPU
		Release|Any CPU = Release|Any CPU
	EndGlobalSection
	GlobalSection(ProjectConfigurationPlatforms) = postSolution
		{FB9EEDAE-3E0D-4489-AB40-0AEF28263CE2}.Debug|Any CPU.ActiveCfg = Debug|Any CPU
		{FB9EEDAE-3E0D-4489-AB40-0AEF28263CE2}.Debug|Any CPU.Build.0 = Debug|Any CPU
		{FB9EEDAE-3E0D-4489-AB40-0AEF28263CE2}.Release|Any CPU.ActiveCfg = Release|Any CPU
		{FB9EEDAE-3E0D-4489-AB40-0AEF28263CE2}.Release|Any CPU.Build.0 = Release|Any CPU
	EndGlobalSection
	GlobalSection(SolutionProperties) = preSolution
		HideSolutionNode = FALSE
	EndGlobalSection
	GlobalSection(ExtensibilityGlobals) = postSolution
		SolutionGuid = {AD8CD7DD-4F5B-4E2B-A95D-248D59E31260}
	EndGlobalSection
EndGlobal
